
Microsoft Visual Studio Solution File, Format Version 12.00
# Visual Studio 2012
Project("{FAE04EC0-301F-11D3-BF4B-00C04F79EFBC}") = "SymbolTables", "SymbolTables\SymbolTables.csproj", "{C2A023A0-DA70-4069-9665-C5DF6E8A6020}"
EndProject
Project("{FAE04EC0-301F-11D3-BF4B-00C04F79EFBC}") = "SymbolTablesTests", "SymbolTablesTests\SymbolTablesTests.csproj", "{ACC005A6-3887-457B-91AE-8E9EFF21A6BE}"
EndProject
Project("{FAE04EC0-301F-11D3-BF4B-00C04F79EFBC}") = "Domain", "Domain\Domain.csproj", "{123741DD-BE7F-4B20-AA5C-9D5EFBE261F5}"
EndProject
Global
	GlobalSection(SolutionConfigurationPlatforms) = preSolution
		Debug|Any CPU = Debug|Any CPU
		Release|Any CPU = Release|Any CPU
	EndGlobalSection
	GlobalSection(ProjectConfigurationPlatforms) = postSolution
		{C2A023A0-DA70-4069-9665-C5DF6E8A6020}.Debug|Any CPU.ActiveCfg = Debug|Any CPU
		{C2A023A0-DA70-4069-9665-C5DF6E8A6020}.Debug|Any CPU.Build.0 = Debug|Any CPU
		{C2A023A0-DA70-4069-9665-C5DF6E8A6020}.Release|Any CPU.ActiveCfg = Release|Any CPU
		{C2A023A0-DA70-4069-9665-C5DF6E8A6020}.Release|Any CPU.Build.0 = Release|Any CPU
		{ACC005A6-3887-457B-91AE-8E9EFF21A6BE}.Debug|Any CPU.ActiveCfg = Debug|Any CPU
		{ACC005A6-3887-457B-91AE-8E9EFF21A6BE}.Debug|Any CPU.Build.0 = Debug|Any CPU
		{ACC005A6-3887-457B-91AE-8E9EFF21A6BE}.Release|Any CPU.ActiveCfg = Release|Any CPU
		{ACC005A6-3887-457B-91AE-8E9EFF21A6BE}.Release|Any CPU.Build.0 = Release|Any CPU
		{123741DD-BE7F-4B20-AA5C-9D5EFBE261F5}.Debug|Any CPU.ActiveCfg = Debug|Any CPU
		{123741DD-BE7F-4B20-AA5C-9D5EFBE261F5}.Debug|Any CPU.Build.0 = Debug|Any CPU
		{123741DD-BE7F-4B20-AA5C-9D5EFBE261F5}.Release|Any CPU.ActiveCfg = Release|Any CPU
		{123741DD-BE7F-4B20-AA5C-9D5EFBE261F5}.Release|Any CPU.Build.0 = Release|Any CPU
	EndGlobalSection
EndGlobal
